collectionLockVersion: 0.1
collectionId: pagonia-land.collections.beginner-qol
collectionVersion: 0.1.0
gameDatabaseVersion: "1.4.0-11944+194631"
generatedAt: "2026-05-20T00:00:00Z"
mods:
  - id: pagonia-land.example.cheaper-sawmill
    version: "0.1.0"
    resolvedSource: "https://example.invalid/cheaper-sawmill-0.1.0.zip"
    archiveSha256: "0000000000000000000000000000000000000000000000000000000000000000"
    enabled: true
  - id: pagonia-land.example.wine-icon-test
    version: "0.1.0"
    resolvedSource: "https://example.invalid/wine-icon-test-0.1.0.zip"
    archiveSha256: "1111111111111111111111111111111111111111111111111111111111111111"
    enabled: false
